
Microsoft Visual Studio Solution File, Format Version 12.00
# Visual Studio 2012
Project("{FAE04EC0-301F-11D3-BF4B-00C04F79EFBC}") = "StrategyPattern", "StrategyPattern\StrategyPattern.csproj", "{467C5291-8890-4788-AD0A-AB26136D04E5}"
EndProject
Project("{FAE04EC0-301F-11D3-BF4B-00C04F79EFBC}") = "DecoratorPattern", "DecoratorPattern\DecoratorPattern.csproj", "{147D971A-BEEB-40D6-AF2A-0F26C677CA6E}"
EndProject
Global
	GlobalSection(SolutionConfigurationPlatforms) = preSolution
		Debug|Any CPU = Debug|Any CPU
		Release|Any CPU = Release|Any CPU
	EndGlobalSection
	GlobalSection(ProjectConfigurationPlatforms) = postSolution
		{467C5291-8890-4788-AD0A-AB26136D04E5}.Debug|Any CPU.ActiveCfg = Debug|Any CPU
		{467C5291-8890-4788-AD0A-AB26136D04E5}.Debug|Any CPU.Build.0 = Debug|Any CPU
		{467C5291-8890-4788-AD0A-AB26136D04E5}.Release|Any CPU.ActiveCfg = Release|Any CPU
		{467C5291-8890-4788-AD0A-AB26136D04E5}.Release|Any CPU.Build.0 = Release|Any CPU
		{147D971A-BEEB-40D6-AF2A-0F26C677CA6E}.Debug|Any CPU.ActiveCfg = Debug|Any CPU
		{147D971A-BEEB-40D6-AF2A-0F26C677CA6E}.Debug|Any CPU.Build.0 = Debug|Any CPU
		{147D971A-BEEB-40D6-AF2A-0F26C677CA6E}.Release|Any CPU.ActiveCfg = Release|Any CPU
		{147D971A-BEEB-40D6-AF2A-0F26C677CA6E}.Release|Any CPU.Build.0 = Release|Any CPU
	EndGlobalSection
EndGlobal
